
Microsoft Visual Studio Solution File, Format Version 12.00
# Visual Studio Version 17
VisualStudioVersion = 17.2.32519.379
MinimumVisualStudioVersion = 10.0.40219.1
Project("{FAE04EC0-301F-11D3-BF4B-00C04F79EFBC}") = "SubcriptionManagement", "SubcriptionManagement.csproj", "{558D5ABF-7A39-412F-A57C-71A43DA98289}"
EndProject
Global
	GlobalSection(SolutionConfigurationPlatforms) = preSolution
		Debug|Any CPU = Debug|Any CPU
		Release|Any CPU = Release|Any CPU
	EndGlobalSection
	GlobalSection(ProjectConfigurationPlatforms) = postSolution
		{558D5ABF-7A39-412F-A57C-71A43DA98289}.Debug|Any CPU.ActiveCfg = Debug|Any CPU
		{558D5ABF-7A39-412F-A57C-71A43DA98289}.Debug|Any CPU.Build.0 = Debug|Any CPU
		{558D5ABF-7A39-412F-A57C-71A43DA98289}.Release|Any CPU.ActiveCfg = Release|Any CPU
		{558D5ABF-7A39-412F-A57C-71A43DA98289}.Release|Any CPU.Build.0 = Release|Any CPU
	EndGlobalSection
	GlobalSection(SolutionProperties) = preSolution
		HideSolutionNode = FALSE
	EndGlobalSection
	GlobalSection(ExtensibilityGlobals) = postSolution
		SolutionGuid = {3858C781-F281-4327-B0AD-451DB63738EE}
	EndGlobalSection
EndGlobal
